
Microsoft Visual Studio Solution File, Format Version 12.00
# Visual Studio Version 16
VisualStudioVersion = 16.0.28922.388
MinimumVisualStudioVersion = 10.0.40219.1
Project("{FAE04EC0-301F-11D3-BF4B-00C04F79EFBC}") = "Taschenrechner-Berger", "Taschenrechner-Berger\Taschenrechner-Berger.csproj", "{FBDB20C2-E0DD-4EEA-8282-F448297DB46B}"
EndProject
Global
	GlobalSection(SolutionConfigurationPlatforms) = preSolution
		Debug|Any CPU = Debug|Any CPU
		Release|Any CPU = Release|Any CPU
	EndGlobalSection
	GlobalSection(ProjectConfigurationPlatforms) = postSolution
		{FBDB20C2-E0DD-4EEA-8282-F448297DB46B}.Debug|Any CPU.ActiveCfg = Debug|Any CPU
		{FBDB20C2-E0DD-4EEA-8282-F448297DB46B}.Debug|Any CPU.Build.0 = Debug|Any CPU
		{FBDB20C2-E0DD-4EEA-8282-F448297DB46B}.Release|Any CPU.ActiveCfg = Release|Any CPU
		{FBDB20C2-E0DD-4EEA-8282-F448297DB46B}.Release|Any CPU.Build.0 = Release|Any CPU
	EndGlobalSection
	GlobalSection(SolutionProperties) = preSolution
		HideSolutionNode = FALSE
	EndGlobalSection
	GlobalSection(ExtensibilityGlobals) = postSolution
		SolutionGuid = {76AA745C-64B2-4A4B-B84D-778967518781}
	EndGlobalSection
EndGlobal
